{
  "object": {
    "pins": [
      {
        "package": "Alamofire",
        "repositoryURL": "https://github.com/Alamofire/Alamofire.git",
        "state": {
          "branch": "feature/async-handlers",
          "revision": "3784cf7524f68085d59c569f7ea1e8c6f123099a",
          "version": null
        }
      }
    ]
  },
  "version": 1
}
